github.com/mleone10/advent-of-code-2023 v0.0.0-20231213034110-d03135f1811e h1:zqm+GBQCoDHEOTbrzSHAghGuxSzP3AYFp4uhBZNnu1k=
github.com/mleone10/advent-of-code-2023 v0.0.0-20231213034110-d03135f1811e/go.mod h1:jr/fgypUML5mlpWcBkcVExiBV3j6A8OatdKCihMzDgg=
golang.org/x/exp v0.0.0-20241009180824-f66d83c29e7c h1:7dEasQXItcW1xKJ2+gg5VOiBnqWrJc+rq0DPKyvvdbY=
golang.org/x/exp v0.0.0-20241009180824-f66d83c29e7c/go.mod h1:NQtJDoLvd6faHhE7m4T/1IY708gDefGGjR/iUW8yQQ8=
